{
    "_meta": {
        "hash": {
            "sha256": "dbfe18eb473b19c97271a5aa962389e8c519890afc74179375c84fc2525271b4"
        },
        "pipfile-spec": 6,
        "requires": {
            "python_version": "3.12"
        },
        "sources": [
            {
                "name": "pypi",
                "url": "https://pypi.org/simple",
                "verify_ssl": true
            }
        ]
    },
    "default": {
        "cached-property": {
            "hashes": [
                "sha256:9fa5755838eecbb2d234c3aa390bd80fbd3ac6b6869109bfc1b499f7bd89a130",
                "sha256:df4f613cf7ad9a588cc381aaf4a512d26265ecebd5eb9e1ba12f1319eb85a6a0"
            ],
            "version": "==1.5.2"
        },
        "cytoolz": {
            "hashes": [
                "sha256:01cfb8518828c1189200c02a5010ea404407fb18fd5589e29c126e84bbeadd36",
                "sha256:04afa90d9d9d18394c40d9bed48c51433d08b57c042e0e50c8c0f9799735dcbd",
                "sha256:08a438701c6141dd34eaf92e9e9a1f66e23a22f7840ef8a371eba274477de85d",
                "sha256:0a79d72b08048a0980a59457c239555f111ac0c8bdc140c91a025f124104dbb4",
                "sha256:0ba1cbc4d9cd7571c917f88f4a069568e5121646eb5d82b2393b2cf84712cf2a",
                "sha256:0cf1e1e96dd86829a0539baf514a9c8473a58fbb415f92401a68e8e52a34ecd5",
                "sha256:0d8edfbc694af6c9bda4db56643fb8ed3d14e47bec358c2f1417de9a12d6d1fb",
                "sha256:0e9199c9e3fbf380a92b8042c677eb9e7ed4bccb126de5e9c0d26f5888d96788",
                "sha256:0fbad1fb9bb47e827d00e01992a099b0ba79facf5e5aa453be066033232ac4b5",
                "sha256:131ff4820e5d64a25d7ad3c3556f2d8aa65c66b3f021b03f8a8e98e4180dd808",
                "sha256:1651a9bd591a8326329ce1d6336f3129161a36d7061a4d5ea9e5377e033364cf",
                "sha256:18cd61e078bd6bffe088e40f1ed02001387c29174750abce79499d26fa57f5eb",
                "sha256:1c18e351956f70db9e2d04ff02f28e9a41839250d3f936a4c8a1eabd1c3094d2",
                "sha256:1dd70141b32b717696a72b8876e86bc9c6f8eff995c1808e299db3541213ff82",
                "sha256:1f501ae1353071fa5d6677437bbeb1aeb5622067dce0977cedc2c5ec5843b202",
                "sha256:20d36430d8ac809186736fda735ee7d595b6242bdb35f69b598ef809ebfa5605",
                "sha256:27513a5d5b6624372d63313574381d3217a66e7a2626b056c695179623a5cb1a",
                "sha256:2905fdccacc64b4beba37f95cab9d792289c80f4d70830b70de2fc66c007ec01",
                "sha256:2c6dd75dae3d84fa8988861ab8b1189d2488cb8a9b8653828f9cd6126b5e7abd",
                "sha256:33c63186f3bf9d7ef1347bc0537bb9a0b4111a0d7d6e619623cabc18fef0dc3b",
                "sha256:37441bf4a2a4e2e0fe9c3b0ea5e72db352f5cca03903977ffc42f6f6c5467be9",
                "sha256:3ac4f2fb38bbc67ff1875b7d2f0f162a247f43bd28eb7c9d15e6175a982e558d",
                "sha256:4503dc59f4ced53a54643272c61dc305d1dbbfbd7d6bdf296948de9f34c3a282",
                "sha256:456395d7aec01db32bf9e6db191d667347c78d8d48e77234521fa1078f60dabb",
                "sha256:46f505d4c6eb79585c8ad0b9dc140ef30a138c880e4e3b40230d642690e36366",
                "sha256:47feb089506fc66e1593cd9ade3945693a9d089a445fbe9a11385cab200b9f22",
                "sha256:4fba0616fcd487e34b8beec1ad9911d192c62e758baa12fcb44448b9b6feae22",
                "sha256:534fa66db8564d9b13872d81d54b6b09ae592c585eb826aac235bd6f1830f8ad",
                "sha256:55f9bd1ae6c2a27eda5abe2a0b65a83029d2385c5a1da7b8ef47af5905d7e905",
                "sha256:56f899758146a52e2f8cfb3fb6f4ca19c1e5814178c3d584de35f9e4d7166d91",
                "sha256:581f1ce479769fe7eeb9ae6d87eadb230df8c7c5fff32138162cdd99d7fb8fc3",
                "sha256:582c22f97a380211fb36a7b65b1beeb84ea11d82015fa84b054be78580390082",
                "sha256:59276021619b432a5c21c01cda8320b9cc7dbc40351ffc478b440bfccd5bbdd3",
                "sha256:59b19223e7f7bd7a73ec3aa6fdfb73b579ff09c2bc0b7d26857eec2d01a58c76",
                "sha256:6986632d8a969ea1e720990c818dace1a24c11015fd7c59b9fea0b65ef71f726",
                "sha256:6c2875bcd1397d0627a09a4f9172fa513185ad302c63758efc15b8eb33cc2a98",
                "sha256:6d3bfe45173cc8e6c76206be3a916d8bfd2214fb2965563e288088012f1dabfc",
                "sha256:6f6e8207d732651e0204779e1ba5a4925c93081834570411f959b80681f8d333",
                "sha256:71b6eb97f6695f7ba8ce69c49b707a351c5f46fd97f5aeb5f6f2fb0d6e72b887",
                "sha256:727b01a2004ddb513496507a695e19b5c0cfebcdfcc68349d3efd92a1c297bf4",
                "sha256:765b8381d4003ceb1a07896a854eee2c31ebc950a4ae17d1e7a17c2a8feb2a68",
                "sha256:780c06110f383344d537f48d9010d79fa4f75070d214fc47f389357dd4f010b6",
                "sha256:7ad1331cb68afeec58469c31d944a2100cee14eac221553f0d5218ace1a0b25d",
                "sha256:7d267ffc9a36c0a9a58c7e0adc9fa82620f22e4a72533e15dd1361f57fc9accf",
                "sha256:800f0526adf9e53d3c6acda748f4def1f048adaa780752f154da5cf22aa488a2",
                "sha256:8119bf5961091cfe644784d0bae214e273b3b3a479f93ee3baab97bbd995ccfe",
                "sha256:8587c3c3dbe78af90c5025288766ac10dc2240c1e76eb0a93a4e244c265ccefd",
                "sha256:86923d823bd19ce35805953b018d436f6b862edd6a7c8b747a13d52b39ed5716",
                "sha256:8893223b87c2782bd59f9c4bd5c7bf733edd8728b523c93efb91d7468b486528",
                "sha256:8e21932d6d260996f7109f2a40b2586070cb0a0cf1d65781e156326d5ebcc329",
                "sha256:921e6d2440ac758c4945c587b1d1d9b781b72737ac0c0ca5d5e02ca1db8bded2",
                "sha256:92b6f43f086e5a965d33d62a145ae121b4ccb6e0789ac0acc895ce084fec8c65",
                "sha256:92c53d508fb8a4463acc85b322fa24734efdc66933a5c8661bdc862103a3373d",
                "sha256:95e878868a172a41fbf6c505a4b967309e6870e22adc7b1c3b19653d062711fa",
                "sha256:96a5a0292575c3697121f97cc605baf2fd125120c7dcdf39edd1a135798482ca",
                "sha256:96c715404a3825e37fe3966fe84c5f8a1f036e7640b2a02dbed96cac0c933451",
                "sha256:99462abd8323c52204a2a0ce62454ce8fa0f4e94b9af397945c12830de73f27e",
                "sha256:9bac0adffc1b6b6a4c5f1fd1dd2161afb720bcc771a91016dc6bdba59af0a5d3",
                "sha256:9e04d22049233394e0b08193aca9737200b4a2afa28659d957327aa780ddddf2",
                "sha256:9e45803d9e75ef90a2f859ef8f7f77614730f4a8ce1b9244375734567299d239",
                "sha256:9eef0d23035fa4dcfa21e570961e86c375153a7ee605cdd11a8b088c24f707f6",
                "sha256:a1445c91009eb775d479e88954c51d0b4cf9a1e8ce3c503c2672d17252882647",
                "sha256:a3e61acfd029bfb81c2c596249b508dfd2b4f72e31b7b53b62e5fb0507dd7293",
                "sha256:a447247ed312dd64e3a8d9483841ecc5338ee26d6e6fbd29cd373ed030db0240",
                "sha256:a7fde09384d23048a7b4ac889063761e44b89a0b64015393e2d1d21d5c1f534a",
                "sha256:a83f4532707963ae1a5108e51fdfe1278cc8724e3301fee48b9e73e1316de64f",
                "sha256:b4a52dd2a36b0a91f7aa50ca6c8509057acc481a24255f6cb07b15d339a34e0f",
                "sha256:b76f2f50a789c44d6fd7f773ec43d2a8686781cd52236da03f7f7d7998989bee",
                "sha256:ba3f843aa89f35467b38c398ae5b980a824fdbdb94065adc6ec7c47a0a22f4c7",
                "sha256:ba9002d2f043943744a9dc8e50a47362bcb6e6f360dc0a1abcb19642584d87bb",
                "sha256:bbe58e26c84b163beba0fbeacf6b065feabc8f75c6d3fe305550d33f24a2d346",
                "sha256:be6feb903d2a08a4ba2e70e950e862fd3be9be9a588b7c38cee4728150a52918",
                "sha256:bfa3f8e01bc423a933f2e1c510cbb0632c6787865b5242857cc955cae220d1bf",
                "sha256:c51b66ada9bfdb88cf711bf350fcc46f82b83a4683cf2413e633c31a64df6201",
                "sha256:c64f8e60c1dd69e4d5e615481f2d57937746f4a6be2d0f86e9e7e3b9e2243b5e",
                "sha256:c6b6f11b0d7ed91be53166aeef2a23a799e636625675bb30818f47f41ad31821",
                "sha256:c835eab01466cb67d0ce6290601ebef2d82d8d0d0a285ed0d6e46989e4a7a71a",
                "sha256:ca6a9a9300d5bda417d9090107c6d2b007683efc59d63cc09aca0e7930a08a85",
                "sha256:caf07a97b5220e6334dd32c8b6d8b2bd255ca694eca5dfe914bb5b880ee66cdb",
                "sha256:cd88028bb897fba99ddd84f253ca6bef73ecb7bdf3f3cf25bc493f8f97d3c7c5",
                "sha256:cee3de65584e915053412cd178729ff510ad5f8f585c21c5890e91028283518f",
                "sha256:d028044524ee2e815f36210a793c414551b689d4f4eda28f8bbb0883ad78bf5f",
                "sha256:d0976a3fcb81d065473173e9005848218ce03ddb2ec7d40dd6a8d2dba7f1c3ae",
                "sha256:d294e5e81ff094fe920fd545052ff30838ea49f9e91227a55ecd9f3ca19774a0",
                "sha256:d2d271393c378282727f1231d40391ae93b93ddc0997448acc21dd0cb6a1e56d",
                "sha256:d9a38332cfad2a91e89405b7c18b3f00e2edc951c225accbc217597d3e4e9fde",
                "sha256:da125221b1fa25c690fcd030a54344cecec80074df018d906fc6a99f46c1e3a6",
                "sha256:dc1ca9c610425f9854323669a671fc163300b873731584e258975adf50931164",
                "sha256:dd728f4e6051af6af234651df49319da1d813f47894d4c3c8ab7455e01703a37",
                "sha256:de74ef266e2679c3bf8b5fc20cee4fc0271ba13ae0d9097b1491c7a9bcadb389",
                "sha256:e44f4c25e1e7cf6149b499c74945a14649c8866d36371a2c2d2164e4649e7755",
                "sha256:e4d2961644153c5ae186db964aa9f6109da81b12df0f1d3494b4e5cf2c332ee2",
                "sha256:e70d9c615e5c9dc10d279d1e32e846085fe1fd6f08d623ddd059a92861f4e3dd",
                "sha256:ec9be3e4b6f86ea8b294d34c990c99d2ba6c526ef1e8f46f1d52c263d4f32cd7",
                "sha256:ed0cfb9326747759e2ad81cb6e45f20086a273b67ac3a4c00b19efcbab007c60",
                "sha256:ee98968d6a66ee83a8ceabf31182189ab5d8598998c8ce69b6d5843daeb2db60",
                "sha256:f04037302049cb30033f7fa4e1d0e44afe35ed6bfcf9b380fc11f2a27d3ed697",
                "sha256:f1ebe23028eac51251f22ba01dba6587d30aa9c320372ca0c14eeab67118ec3f",
                "sha256:f37b60e66378e7a116931d7220f5352186abfcc950d64856038aa2c01944929c",
                "sha256:f702e295dddef5f8af4a456db93f114539b8dc2a7a9bc4de7c7e41d169aa6ec3",
                "sha256:fdddb9d988405f24035234f1e8d1653ab2e48cc2404226d21b49a129aefd1d25",
                "sha256:fe1e1779a39dbe83f13886d2b4b02f8c4b10755e3c8d9a89b630395f49f4f406",
                "sha256:fe8c6267caa7ec67bcc37e360f0d8a26bc3bdce510b15b97f2f2e0143bdd3673",
                "sha256:fea649f979def23150680de1bd1d09682da3b54932800a0f90f29fc2a6c98ba8"
            ],
            "markers": "implementation_name == 'cpython'",
            "version": "==0.12.3"
        },
        "eth-hash": {
            "hashes": [
                "sha256:9f8daaa345764f8871dc461855049ac54ae4291d780279bce6fce7f24e3f17d3",
                "sha256:ae72889e60db6acbb3872c288cfa02ed157f4c27630fcd7f9c8442302c31e478"
            ],
            "markers": "python_version >= '3.8' and python_version < '4'",
            "version": "==0.6.0"
        },
        "eth-typing": {
            "hashes": [
                "sha256:7e556bea322b6e8c0a231547b736c258e10ce9eed5ddc254f51031b12af66a16",
                "sha256:9af0b6beafbc5c2e18daf19da5f5a68315023172c4e79d149e12ad10a3d3f731"
            ],
            "markers": "python_version >= '3.8' and python_version < '4'",
            "version": "==4.0.0"
        },
        "eth-utils": {
            "hashes": [
                "sha256:8721869568448349bceae63c277b75758d11e0dc190e7ef31e161b89619458f1",
                "sha256:9a284106acf6f6ce91ddf792489cf8bd4c681fd5ae7653d2f3d5d100be5c3905"
            ],
            "markers": "python_version >= '3.8' and python_version < '4'",
            "version": "==3.0.0"
        },
        "mpmath": {
            "hashes": [
                "sha256:7a28eb2a9774d00c7bc92411c19a89209d5da7c4c9a9e227be8330a23a25b91f",
                "sha256:a0b2b9fe80bbcd81a6647ff13108738cfb482d481d826cc0e02f5b35e5c88d2c"
            ],
            "version": "==1.3.0"
        },
        "py-ecc": {
            "hashes": [
                "sha256:a655fa499ab2e695c9d4e49be19e40ad195dd61076642edcbcbb5b7c645820cf",
                "sha256:c141e7330559758d2233adaf0af1f05ec4cade67e7fa35fc118750ce79d83257"
            ],
            "index": "pypi",
            "markers": "python_version >= '3.8' and python_version < '4'",
            "version": "==7.0.0"
        },
        "sympy": {
            "hashes": [
                "sha256:c3588cd4295d0c0f603d0f2ae780587e64e2efeedb3521e46b9bb1d08d184fa5",
                "sha256:ebf595c8dac3e0fdc4152c51878b498396ec7f30e7a914d6071e674d49420fb8"
            ],
            "index": "pypi",
            "markers": "python_version >= '3.8'",
            "version": "==1.12"
        },
        "toolz": {
            "hashes": [
                "sha256:d22731364c07d72eea0a0ad45bafb2c2937ab6fd38a3507bf55eae8744aa7d85",
                "sha256:ecca342664893f177a13dac0e6b41cbd8ac25a358e5f215316d43e2100224f4d"
            ],
            "markers": "python_version >= '3.7'",
            "version": "==0.12.1"
        }
    },
    "develop": {}
}
